{
  "name": "package3",
  "version": "1.0.0",
  "lockfileVersion": 2,
  "requires": true,
  "packages": {
    "": {
      "name": "package3",
      "version": "1.0.0",
      "license": "ISC",
      "dependencies": {
        "package-2s": "^1.0.0",
        "package1s": "^1.0.0"
      }
    },
    "node_modules/package-2s": {
      "version": "1.0.0",
      "resolved": "https://registry.npmjs.org/package-2s/-/package-2s-1.0.0.tgz",
      "integrity": "sha512-sYDOBLMYHgvXZy6dHl6DmNlfP/fVImkfJPJtgcakQF3xUAD/n4ofEIA89/cir1TFjVtmPp2jecW/6WIQUGoVUg=="
    },
    "node_modules/package1s": {
      "version": "1.0.0",
      "resolved": "https://registry.npmjs.org/package1s/-/package1s-1.0.0.tgz",
      "integrity": "sha512-ud5y1lngoTrAJllnkbJ3/HNSpkMwry83MOTCCvpEcNIT1DUAV5dw/EjoRdi+CtoRWJ+xnCVZO89hcx0067zOew=="
    }
  },
  "dependencies": {
    "package-2s": {
      "version": "1.0.0",
      "resolved": "https://registry.npmjs.org/package-2s/-/package-2s-1.0.0.tgz",
      "integrity": "sha512-sYDOBLMYHgvXZy6dHl6DmNlfP/fVImkfJPJtgcakQF3xUAD/n4ofEIA89/cir1TFjVtmPp2jecW/6WIQUGoVUg=="
    },
    "package1s": {
      "version": "1.0.0",
      "resolved": "https://registry.npmjs.org/package1s/-/package1s-1.0.0.tgz",
      "integrity": "sha512-ud5y1lngoTrAJllnkbJ3/HNSpkMwry83MOTCCvpEcNIT1DUAV5dw/EjoRdi+CtoRWJ+xnCVZO89hcx0067zOew=="
    }
  }
}
